
Microsoft Visual Studio Solution File, Format Version 12.00
# Visual Studio 15
VisualStudioVersion = 15.0.27703.2018
MinimumVisualStudioVersion = 10.0.40219.1
Project("{FAE04EC0-301F-11D3-BF4B-00C04F79EFBC}") = "S-Terminal 2.0", "S-Terminal 2.0\S-Terminal 2.0.csproj", "{78F884B1-534C-4C01-ADD3-606559CC7BEB}"
EndProject
Global
	GlobalSection(SolutionConfigurationPlatforms) = preSolution
		Debug|Any CPU = Debug|Any CPU
		Release|Any CPU = Release|Any CPU
	EndGlobalSection
	GlobalSection(ProjectConfigurationPlatforms) = postSolution
		{78F884B1-534C-4C01-ADD3-606559CC7BEB}.Debug|Any CPU.ActiveCfg = Debug|Any CPU
		{78F884B1-534C-4C01-ADD3-606559CC7BEB}.Debug|Any CPU.Build.0 = Debug|Any CPU
		{78F884B1-534C-4C01-ADD3-606559CC7BEB}.Release|Any CPU.ActiveCfg = Release|Any CPU
		{78F884B1-534C-4C01-ADD3-606559CC7BEB}.Release|Any CPU.Build.0 = Release|Any CPU
	EndGlobalSection
	GlobalSection(SolutionProperties) = preSolution
		HideSolutionNode = FALSE
	EndGlobalSection
	GlobalSection(ExtensibilityGlobals) = postSolution
		SolutionGuid = {3F2B02F7-F519-41C9-AB9C-6A873ED9AC14}
	EndGlobalSection
EndGlobal
